github.com/go-theft-craft/minecraft-protocol v0.7.2 h1:juPkY5IHYq3WWOVPr6kCPzdk8ts9iBlPEmhfFA6w5R8=
github.com/go-theft-craft/minecraft-protocol v0.7.2/go.mod h1:jEtrfISpmos7X2YQhXjyRcBFmSA00sLSGiF1poU7efs=
github.com/go-theft-craft/minecraft-simulation v0.2.0 h1:vlSFBIHgvIwVOE32OJY3QQ8tRYDpZWKzlVKPBQv091w=
github.com/go-theft-craft/minecraft-simulation v0.2.0/go.mod h1:htVcXqkk+xmnO1oXY9nn1UM6OPnJqmZX1GhA5WvuIMs=
