github.com/go-theft-craft/minecraft-protocol v0.7.1 h1:Zapz4cRwZ6i8B22r0XEz60o3nt1UIMs5rSnApqcuq6c=
github.com/go-theft-craft/minecraft-protocol v0.7.1/go.mod h1:jEtrfISpmos7X2YQhXjyRcBFmSA00sLSGiF1poU7efs=
github.com/go-theft-craft/minecraft-simulation v0.2.0 h1:vlSFBIHgvIwVOE32OJY3QQ8tRYDpZWKzlVKPBQv091w=
github.com/go-theft-craft/minecraft-simulation v0.2.0/go.mod h1:htVcXqkk+xmnO1oXY9nn1UM6OPnJqmZX1GhA5WvuIMs=
